
Microsoft Visual Studio Solution File, Format Version 12.00
# Visual Studio Version 17
VisualStudioVersion = 17.6.33829.357
MinimumVisualStudioVersion = 10.0.40219.1
Project("{8BC9CEB8-8B4A-11D0-8D11-00A0C91BC942}") = "Lab1Project", "Lab1Project\Lab1Project.vcxproj", "{88A6B9D3-8B62-4822-A935-59BF640236EF}"
EndProject
Global
	GlobalSection(SolutionConfigurationPlatforms) = preSolution
		Debug|x64 = Debug|x64
		Debug|x86 = Debug|x86
		Release|x64 = Release|x64
		Release|x86 = Release|x86
	EndGlobalSection
	GlobalSection(ProjectConfigurationPlatforms) = postSolution
		{88A6B9D3-8B62-4822-A935-59BF640236EF}.Debug|x64.ActiveCfg = Debug|x64
		{88A6B9D3-8B62-4822-A935-59BF640236EF}.Debug|x64.Build.0 = Debug|x64
		{88A6B9D3-8B62-4822-A935-59BF640236EF}.Debug|x86.ActiveCfg = Debug|Win32
		{88A6B9D3-8B62-4822-A935-59BF640236EF}.Debug|x86.Build.0 = Debug|Win32
		{88A6B9D3-8B62-4822-A935-59BF640236EF}.Release|x64.ActiveCfg = Release|x64
		{88A6B9D3-8B62-4822-A935-59BF640236EF}.Release|x64.Build.0 = Release|x64
		{88A6B9D3-8B62-4822-A935-59BF640236EF}.Release|x86.ActiveCfg = Release|Win32
		{88A6B9D3-8B62-4822-A935-59BF640236EF}.Release|x86.Build.0 = Release|Win32
	EndGlobalSection
	GlobalSection(SolutionProperties) = preSolution
		HideSolutionNode = FALSE
	EndGlobalSection
	GlobalSection(ExtensibilityGlobals) = postSolution
		SolutionGuid = {5DAE8AD3-B36F-466B-A72C-404291D936B7}
	EndGlobalSection
EndGlobal
